
Microsoft Visual Studio Solution File, Format Version 12.00
# Visual Studio Version 17
VisualStudioVersion = 17.11.35327.3
MinimumVisualStudioVersion = 10.0.40219.1
Project("{FAE04EC0-301F-11D3-BF4B-00C04F79EFBC}") = "LabProject-NurHamizahZahirah3118", "LabProject-NurHamizahZahirah3118.csproj", "{99EDA51A-2B7F-4FFE-A619-B169708A1C81}"
EndProject
Global
	GlobalSection(SolutionConfigurationPlatforms) = preSolution
		Debug|Any CPU = Debug|Any CPU
		Release|Any CPU = Release|Any CPU
	EndGlobalSection
	GlobalSection(ProjectConfigurationPlatforms) = postSolution
		{99EDA51A-2B7F-4FFE-A619-B169708A1C81}.Debug|Any CPU.ActiveCfg = Debug|Any CPU
		{99EDA51A-2B7F-4FFE-A619-B169708A1C81}.Debug|Any CPU.Build.0 = Debug|Any CPU
		{99EDA51A-2B7F-4FFE-A619-B169708A1C81}.Release|Any CPU.ActiveCfg = Release|Any CPU
		{99EDA51A-2B7F-4FFE-A619-B169708A1C81}.Release|Any CPU.Build.0 = Release|Any CPU
	EndGlobalSection
	GlobalSection(SolutionProperties) = preSolution
		HideSolutionNode = FALSE
	EndGlobalSection
	GlobalSection(ExtensibilityGlobals) = postSolution
		SolutionGuid = {4E830A99-EEE3-410D-9730-773B699E33E8}
	EndGlobalSection
EndGlobal
